// !$*UTF8*$!
{
	archiveVersion = 1;
	classes = {
	};
	objectVersion = 46;
	objects = {

/* Begin PBXBuildFile section */
		7065635A16E040940086FB4D /* SystemConfiguration.framework in Frameworks */ = {isa = PBXBuildFile; fileRef = 7065635916E040940086FB4D /* SystemConfiguration.framework */; };
		7065635E16E041C50086FB4D /* Reachability.m in Sources */ = {isa = PBXBuildFile; fileRef = 7065635D16E041C50086FB4D /* Reachability.m */; };
		7065636316E058170086FB4D /* to_right.png in Resources */ = {isa = PBXBuildFile; fileRef = 7065635F16E058170086FB4D /* to_right.png */; };
		7065636416E058170086FB4D /* to_right@2x.png in Resources */ = {isa = PBXBuildFile; fileRef = 7065636016E058170086FB4D /* to_right@2x.png */; };
		7065636516E058170086FB4D /* to_left.png in Resources */ = {isa = PBXBuildFile; fileRef = 7065636116E058170086FB4D /* to_left.png */; };
		7065636616E058170086FB4D /* to_left@2x.png in Resources */ = {isa = PBXBuildFile; fileRef = 7065636216E058170086FB4D /* to_left@2x.png */; };
		7065636916E082720086FB4D /* ApptitleCell.m in Sources */ = {isa = PBXBuildFile; fileRef = 7065636816E082710086FB4D /* ApptitleCell.m */; };
		7065636C16E082830086FB4D /* AppinfoCell.m in Sources */ = {isa = PBXBuildFile; fileRef = 7065636B16E082830086FB4D /* AppinfoCell.m */; };
		7065636F16E08DB80086FB4D /* TextCell.m in Sources */ = {isa = PBXBuildFile; fileRef = 7065636E16E08DB70086FB4D /* TextCell.m */; };
		7065637C16E0AECC0086FB4D /* icon.png in Resources */ = {isa = PBXBuildFile; fileRef = 7065637616E0AC300086FB4D /* icon.png */; };
		7065637D16E0AED10086FB4D /* icon@2x.png in Resources */ = {isa = PBXBuildFile; fileRef = 7009518416DDB383007359C6 /* icon@2x.png */; };
		7065637E16E0AED80086FB4D /* Default.png in Resources */ = {isa = PBXBuildFile; fileRef = 7065637816E0AC490086FB4D /* Default.png */; };
		7065638316E0AFBA0086FB4D /* Default-568h@2x.png in Resources */ = {isa = PBXBuildFile; fileRef = 7065638116E0AFB80086FB4D /* Default-568h@2x.png */; };
		7065638416E0AFBA0086FB4D /* Default@2x.png in Resources */ = {isa = PBXBuildFile; fileRef = 7065638216E0AFB90086FB4D /* Default@2x.png */; };
		706D493B16DE4B5D00546BF1 /* ScrollCell.m in Sources */ = {isa = PBXBuildFile; fileRef = 706D493816DE4B5D00546BF1 /* ScrollCell.m */; };
		706D493C16DE4B5D00546BF1 /* ImageCell.m in Sources */ = {isa = PBXBuildFile; fileRef = 706D493A16DE4B5D00546BF1 /* ImageCell.m */; };
		706D494316DE4B9100546BF1 /* ScrollViewController.m in Sources */ = {isa = PBXBuildFile; fileRef = 706D493D16DE4B9100546BF1 /* ScrollViewController.m */; };
		706D494416DE4B9100546BF1 /* BlogItemsViewController.m in Sources */ = {isa = PBXBuildFile; fileRef = 706D493E16DE4B9100546BF1 /* BlogItemsViewController.m */; };
		706D494516DE4B9100546BF1 /* WebViewController.m in Sources */ = {isa = PBXBuildFile; fileRef = 706D494116DE4B9100546BF1 /* WebViewController.m */; };
		706D494C16DE4BC400546BF1 /* images.png in Resources */ = {isa = PBXBuildFile; fileRef = 706D494616DE4BC400546BF1 /* images.png */; };
		706D494D16DE4BC400546BF1 /* noimage.gif in Resources */ = {isa = PBXBuildFile; fileRef = 706D494716DE4BC400546BF1 /* noimage.gif */; };
		706D494E16DE4BC400546BF1 /* icon_go_back.png in Resources */ = {isa = PBXBuildFile; fileRef = 706D494816DE4BC400546BF1 /* icon_go_back.png */; };
		706D494F16DE4BC400546BF1 /* icon_go_back@2x.png in Resources */ = {isa = PBXBuildFile; fileRef = 706D494916DE4BC400546BF1 /* icon_go_back@2x.png */; };
		706D495016DE4BC400546BF1 /* icon_go_foward.png in Resources */ = {isa = PBXBuildFile; fileRef = 706D494A16DE4BC400546BF1 /* icon_go_foward.png */; };
		706D495116DE4BC400546BF1 /* icon_go_foward@2x.png in Resources */ = {isa = PBXBuildFile; fileRef = 706D494B16DE4BC400546BF1 /* icon_go_foward@2x.png */; };
		706D495416DE4BE900546BF1 /* favorite@2x.png in Resources */ = {isa = PBXBuildFile; fileRef = 706D495216DE4BE900546BF1 /* favorite@2x.png */; };
		706D495516DE4BE900546BF1 /* favorite.png in Resources */ = {isa = PBXBuildFile; fileRef = 706D495316DE4BE900546BF1 /* favorite.png */; };
		706D495D16DE4C8700546BF1 /* InfoPlist.strings in Resources */ = {isa = PBXBuildFile; fileRef = 706D495C16DE4C8700546BF1 /* InfoPlist.strings */; };
		7078EE8516E5C3D500083811 /* FavoriteCell.m in Sources */ = {isa = PBXBuildFile; fileRef = 7078EE8416E5C3D500083811 /* FavoriteCell.m */; };
		7078EE9216E5D8B800083811 /* FavoriteWebViewController.m in Sources */ = {isa = PBXBuildFile; fileRef = 7078EE9016E5D8B700083811 /* FavoriteWebViewController.m */; };
		7078EE9316E5D8B800083811 /* FavoriteWebViewController.xib in Resources */ = {isa = PBXBuildFile; fileRef = 7078EE9116E5D8B700083811 /* FavoriteWebViewController.xib */; };
		7078EEC316E9B17E00083811 /* Storyboard_iPad.storyboard in Resources */ = {isa = PBXBuildFile; fileRef = 7078EEC216E9B17E00083811 /* Storyboard_iPad.storyboard */; };
		7086AB7B16F18A600015BB40 /* MessageUI.framework in Frameworks */ = {isa = PBXBuildFile; fileRef = 7086AB7A16F18A600015BB40 /* MessageUI.framework */; };
		7089919016CD3A06004899CF /* UIKit.framework in Frameworks */ = {isa = PBXBuildFile; fileRef = 7089918F16CD3A06004899CF /* UIKit.framework */; };
		7089919216CD3A06004899CF /* Foundation.framework in Frameworks */ = {isa = PBXBuildFile; fileRef = 7089919116CD3A06004899CF /* Foundation.framework */; };
		7089919416CD3A06004899CF /* CoreGraphics.framework in Frameworks */ = {isa = PBXBuildFile; fileRef = 7089919316CD3A06004899CF /* CoreGraphics.framework */; };
		7089919C16CD3A06004899CF /* main.m in Sources */ = {isa = PBXBuildFile; fileRef = 7089919B16CD3A06004899CF /* main.m */; };
		708991A016CD3A06004899CF /* AppDelegate.m in Sources */ = {isa = PBXBuildFile; fileRef = 7089919F16CD3A06004899CF /* AppDelegate.m */; };
		708991AD16CD3A18004899CF /* Storyboard.storyboard in Resources */ = {isa = PBXBuildFile; fileRef = 708991AC16CD3A18004899CF /* Storyboard.storyboard */; };
		709FB34316D205620010DCF5 /* BlogsViewController.m in Sources */ = {isa = PBXBuildFile; fileRef = 709FB33A16D205610010DCF5 /* BlogsViewController.m */; };
		709FB34416D205620010DCF5 /* FavoriteViewController.m in Sources */ = {isa = PBXBuildFile; fileRef = 709FB33C16D205610010DCF5 /* FavoriteViewController.m */; };
		709FB34516D205620010DCF5 /* ImagesViewController.m in Sources */ = {isa = PBXBuildFile; fileRef = 709FB33E16D205610010DCF5 /* ImagesViewController.m */; };
		709FB34616D205620010DCF5 /* ItemsViewController.m in Sources */ = {isa = PBXBuildFile; fileRef = 709FB34016D205610010DCF5 /* ItemsViewController.m */; };
		709FB34716D205620010DCF5 /* OtherViewController.m in Sources */ = {isa = PBXBuildFile; fileRef = 709FB34216D205620010DCF5 /* OtherViewController.m */; };
		709FB34C16D2058F0010DCF5 /* BlogCell.m in Sources */ = {isa = PBXBuildFile; fileRef = 709FB34916D2058F0010DCF5 /* BlogCell.m */; };
		709FB34D16D2058F0010DCF5 /* ItemCell.m in Sources */ = {isa = PBXBuildFile; fileRef = 709FB34B16D2058F0010DCF5 /* ItemCell.m */; };
		709FB35016D205A20010DCF5 /* BlogInfo.m in Sources */ = {isa = PBXBuildFile; fileRef = 709FB34F16D205A20010DCF5 /* BlogInfo.m */; };
		709FB35216D207140010DCF5 /* QuartzCore.framework in Frameworks */ = {isa = PBXBuildFile; fileRef = 709FB35116D207140010DCF5 /* QuartzCore.framework */; };
		709FB35F16D20D6D0010DCF5 /* blog_list.png in Resources */ = {isa = PBXBuildFile; fileRef = 709FB35516D20D6D0010DCF5 /* blog_list.png */; };
		709FB36016D20D6D0010DCF5 /* blog_list@2x.png in Resources */ = {isa = PBXBuildFile; fileRef = 709FB35616D20D6D0010DCF5 /* blog_list@2x.png */; };
		709FB36116D20D6D0010DCF5 /* home.png in Resources */ = {isa = PBXBuildFile; fileRef = 709FB35716D20D6D0010DCF5 /* home.png */; };
		709FB36216D20D6D0010DCF5 /* home@2x.png in Resources */ = {isa = PBXBuildFile; fileRef = 709FB35816D20D6D0010DCF5 /* home@2x.png */; };
		709FB36716D20D6D0010DCF5 /* setting.png in Resources */ = {isa = PBXBuildFile; fileRef = 709FB35D16D20D6D0010DCF5 /* setting.png */; };
		709FB36816D20D6D0010DCF5 /* setting@2x.png in Resources */ = {isa = PBXBuildFile; fileRef = 709FB35E16D20D6D0010DCF5 /* setting@2x.png */; };
		709FB39A16D213090010DCF5 /* AFHTTPClient.m in Sources */ = {isa = PBXBuildFile; fileRef = 709FB38816D213080010DCF5 /* AFHTTPClient.m */; };
		709FB39B16D213090010DCF5 /* AFHTTPRequestOperation.m in Sources */ = {isa = PBXBuildFile; fileRef = 709FB38A16D213080010DCF5 /* AFHTTPRequestOperation.m */; };
		709FB39C16D213090010DCF5 /* AFImageRequestOperation.m in Sources */ = {isa = PBXBuildFile; fileRef = 709FB38C16D213080010DCF5 /* AFImageRequestOperation.m */; };
		709FB39D16D213090010DCF5 /* AFJSONRequestOperation.m in Sources */ = {isa = PBXBuildFile; fileRef = 709FB38E16D213080010DCF5 /* AFJSONRequestOperation.m */; };
		709FB39E16D213090010DCF5 /* AFNetworkActivityIndicatorManager.m in Sources */ = {isa = PBXBuildFile; fileRef = 709FB39016D213080010DCF5 /* AFNetworkActivityIndicatorManager.m */; };
		709FB39F16D213090010DCF5 /* AFPropertyListRequestOperation.m in Sources */ = {isa = PBXBuildFile; fileRef = 709FB39316D213090010DCF5 /* AFPropertyListRequestOperation.m */; };
		709FB3A016D213090010DCF5 /* AFURLConnectionOperation.m in Sources */ = {isa = PBXBuildFile; fileRef = 709FB39516D213090010DCF5 /* AFURLConnectionOperation.m */; };
		709FB3A116D213090010DCF5 /* AFXMLRequestOperation.m in Sources */ = {isa = PBXBuildFile; fileRef = 709FB39716D213090010DCF5 /* AFXMLRequestOperation.m */; };
		709FB3A216D213090010DCF5 /* UIImageView+AFNetworking.m in Sources */ = {isa = PBXBuildFile; fileRef = 709FB39916D213090010DCF5 /* UIImageView+AFNetworking.m */; };
		70B16A3E16E38466000B4220 /* libGoogleAnalytics.a in Frameworks */ = {isa = PBXBuildFile; fileRef = 70B16A3D16E38466000B4220 /* libGoogleAnalytics.a */; };
		70B16A4016E38634000B4220 /* CFNetwork.framework in Frameworks */ = {isa = PBXBuildFile; fileRef = 70B16A3F16E38634000B4220 /* CFNetwork.framework */; };
		70B16A4216E38642000B4220 /* libsqlite3.0.dylib in Frameworks */ = {isa = PBXBuildFile; fileRef = 70B16A4116E38642000B4220 /* libsqlite3.0.dylib */; };
		70B16A4816E38916000B4220 /* libGoogleAnalytics_debug.a in Frameworks */ = {isa = PBXBuildFile; fileRef = 70B16A4716E38916000B4220 /* libGoogleAnalytics_debug.a */; };
		70B16A4A16E38958000B4220 /* CoreData.framework in Frameworks */ = {isa = PBXBuildFile; fileRef = 70B16A4916E38958000B4220 /* CoreData.framework */; };
		70E1266016D5C17200057022 /* Social.framework in Frameworks */ = {isa = PBXBuildFile; fileRef = 70E1265F16D5C17100057022 /* Social.framework */; };
		70EC285A16DE56AE00CAEA8F /* images@2x.png in Resources */ = {isa = PBXBuildFile; fileRef = 70EC285916DE56AE00CAEA8F /* images@2x.png */; };
		70EC285D16DE624E00CAEA8F /* star.png in Resources */ = {isa = PBXBuildFile; fileRef = 70EC285B16DE624E00CAEA8F /* star.png */; };
		70EC285E16DE624E00CAEA8F /* star@2x.png in Resources */ = {isa = PBXBuildFile; fileRef = 70EC285C16DE624E00CAEA8F /* star@2x.png */; };
/* End PBXBuildFile section */

/* Begin PBXFileReference section */
		7009518416DDB383007359C6 /* icon@2x.png */ = {isa = PBXFileReference; lastKnownFileType = image.png; path = "icon@2x.png"; sourceTree = "<group>"; };
		7065635916E040940086FB4D /* SystemConfiguration.framework */ = {isa = PBXFileReference; lastKnownFileType = wrapper.framework; name = SystemConfiguration.framework; path = System/Library/Frameworks/SystemConfiguration.framework; sourceTree = SDKROOT; };
		7065635C16E041C50086FB4D /* Reachability.h */ = {isa = PBXFileReference; fileEncoding = 4; lastKnownFileType = sourcecode.c.h; path = Reachability.h; sourceTree = "<group>"; };
		7065635D16E041C50086FB4D /* Reachability.m */ = {isa = PBXFileReference; fileEncoding = 4; lastKnownFileType = sourcecode.c.objc; path = Reachability.m; sourceTree = "<group>"; };
		7065635F16E058170086FB4D /* to_right.png */ = {isa = PBXFileReference; lastKnownFileType = image.png; path = to_right.png; sourceTree = "<group>"; };
		7065636016E058170086FB4D /* to_right@2x.png */ = {isa = PBXFileReference; lastKnownFileType = image.png; path = "to_right@2x.png"; sourceTree = "<group>"; };
		7065636116E058170086FB4D /* to_left.png */ = {isa = PBXFileReference; lastKnownFileType = image.png; path = to_left.png; sourceTree = "<group>"; };
		7065636216E058170086FB4D /* to_left@2x.png */ = {isa = PBXFileReference; lastKnownFileType = image.png; path = "to_left@2x.png"; sourceTree = "<group>"; };
		7065636716E082710086FB4D /* ApptitleCell.h */ = {isa = PBXFileReference; fileEncoding = 4; lastKnownFileType = sourcecode.c.h; path = ApptitleCell.h; sourceTree = "<group>"; };
		7065636816E082710086FB4D /* ApptitleCell.m */ = {isa = PBXFileReference; fileEncoding = 4; lastKnownFileType = sourcecode.c.objc; path = ApptitleCell.m; sourceTree = "<group>"; };
		7065636A16E082830086FB4D /* AppinfoCell.h */ = {isa = PBXFileReference; fileEncoding = 4; lastKnownFileType = sourcecode.c.h; path = AppinfoCell.h; sourceTree = "<group>"; };
		7065636B16E082830086FB4D /* AppinfoCell.m */ = {isa = PBXFileReference; fileEncoding = 4; lastKnownFileType = sourcecode.c.objc; path = AppinfoCell.m; sourceTree = "<group>"; };
		7065636D16E08DB70086FB4D /* TextCell.h */ = {isa = PBXFileReference; fileEncoding = 4; lastKnownFileType = sourcecode.c.h; path = TextCell.h; sourceTree = "<group>"; };
		7065636E16E08DB70086FB4D /* TextCell.m */ = {isa = PBXFileReference; fileEncoding = 4; lastKnownFileType = sourcecode.c.objc; path = TextCell.m; sourceTree = "<group>"; };
		7065637616E0AC300086FB4D /* icon.png */ = {isa = PBXFileReference; lastKnownFileType = image.png; path = icon.png; sourceTree = "<group>"; };
		7065637816E0AC490086FB4D /* Default.png */ = {isa = PBXFileReference; lastKnownFileType = image.png; path = Default.png; sourceTree = "<group>"; };
		7065638116E0AFB80086FB4D /* Default-568h@2x.png */ = {isa = PBXFileReference; lastKnownFileType = image.png; path = "Default-568h@2x.png"; sourceTree = "<group>"; };
		7065638216E0AFB90086FB4D /* Default@2x.png */ = {isa = PBXFileReference; lastKnownFileType = image.png; path = "Default@2x.png"; sourceTree = "<group>"; };
		706D493716DE4B5D00546BF1 /* ScrollCell.h */ = {isa = PBXFileReference; fileEncoding = 4; lastKnownFileType = sourcecode.c.h; name = ScrollCell.h; path = views/ScrollCell.h; sourceTree = "<group>"; };
		706D493816DE4B5D00546BF1 /* ScrollCell.m */ = {isa = PBXFileReference; fileEncoding = 4; lastKnownFileType = sourcecode.c.objc; name = ScrollCell.m; path = views/ScrollCell.m; sourceTree = "<group>"; };
		706D493916DE4B5D00546BF1 /* ImageCell.h */ = {isa = PBXFileReference; fileEncoding = 4; lastKnownFileType = sourcecode.c.h; name = ImageCell.h; path = views/ImageCell.h; sourceTree = "<group>"; };
		706D493A16DE4B5D00546BF1 /* ImageCell.m */ = {isa = PBXFileReference; fileEncoding = 4; lastKnownFileType = sourcecode.c.objc; name = ImageCell.m; path = views/ImageCell.m; sourceTree = "<group>"; };
		706D493D16DE4B9100546BF1 /* ScrollViewController.m */ = {isa = PBXFileReference; fileEncoding = 4; lastKnownFileType = sourcecode.c.objc; name = ScrollViewController.m; path = controllers/ScrollViewController.m; sourceTree = "<group>"; };
		706D493E16DE4B9100546BF1 /* BlogItemsViewController.m */ = {isa = PBXFileReference; fileEncoding = 4; lastKnownFileType = sourcecode.c.objc; name = BlogItemsViewController.m; path = controllers/BlogItemsViewController.m; sourceTree = "<group>"; };
		706D493F16DE4B9100546BF1 /* BlogItemsViewController.h */ = {isa = PBXFileReference; fileEncoding = 4; lastKnownFileType = sourcecode.c.h; name = BlogItemsViewController.h; path = controllers/BlogItemsViewController.h; sourceTree = "<group>"; };
		706D494016DE4B9100546BF1 /* ScrollViewController.h */ = {isa = PBXFileReference; fileEncoding = 4; lastKnownFileType = sourcecode.c.h; name = ScrollViewController.h; path = controllers/ScrollViewController.h; sourceTree = "<group>"; };
		706D494116DE4B9100546BF1 /* WebViewController.m */ = {isa = PBXFileReference; fileEncoding = 4; lastKnownFileType = sourcecode.c.objc; name = WebViewController.m; path = controllers/WebViewController.m; sourceTree = "<group>"; };
		706D494216DE4B9100546BF1 /* WebViewController.h */ = {isa = PBXFileReference; fileEncoding = 4; lastKnownFileType = sourcecode.c.h; name = WebViewController.h; path = controllers/WebViewController.h; sourceTree = "<group>"; };
		706D494616DE4BC400546BF1 /* images.png */ = {isa = PBXFileReference; lastKnownFileType = image.png; name = images.png; path = images/images.png; sourceTree = "<group>"; };
		706D494716DE4BC400546BF1 /* noimage.gif */ = {isa = PBXFileReference; lastKnownFileType = image.gif; name = noimage.gif; path = images/noimage.gif; sourceTree = "<group>"; };
		706D494816DE4BC400546BF1 /* icon_go_back.png */ = {isa = PBXFileReference; lastKnownFileType = image.png; name = icon_go_back.png; path = images/icon_go_back.png; sourceTree = "<group>"; };
		706D494916DE4BC400546BF1 /* icon_go_back@2x.png */ = {isa = PBXFileReference; lastKnownFileType = image.png; name = "icon_go_back@2x.png"; path = "images/icon_go_back@2x.png"; sourceTree = "<group>"; };
		706D494A16DE4BC400546BF1 /* icon_go_foward.png */ = {isa = PBXFileReference; lastKnownFileType = image.png; name = icon_go_foward.png; path = images/icon_go_foward.png; sourceTree = "<group>"; };
		706D494B16DE4BC400546BF1 /* icon_go_foward@2x.png */ = {isa = PBXFileReference; lastKnownFileType = image.png; name = "icon_go_foward@2x.png"; path = "images/icon_go_foward@2x.png"; sourceTree = "<group>"; };
		706D495216DE4BE900546BF1 /* favorite@2x.png */ = {isa = PBXFileReference; lastKnownFileType = image.png; name = "favorite@2x.png"; path = "images/favorite@2x.png"; sourceTree = "<group>"; };
		706D495316DE4BE900546BF1 /* favorite.png */ = {isa = PBXFileReference; lastKnownFileType = image.png; name = favorite.png; path = images/favorite.png; sourceTree = "<group>"; };
		706D495616DE4C3600546BF1 /* Default-568h@2x.png */ = {isa = PBXFileReference; lastKnownFileType = image.png; name = "Default-568h@2x.png"; path = "images/Default-568h@2x.png"; sourceTree = "<group>"; };
		706D495716DE4C3600546BF1 /* Default.png */ = {isa = PBXFileReference; lastKnownFileType = image.png; name = Default.png; path = images/Default.png; sourceTree = "<group>"; };
		706D495816DE4C3600546BF1 /* Default@2x.png */ = {isa = PBXFileReference; lastKnownFileType = image.png; name = "Default@2x.png"; path = "images/Default@2x.png"; sourceTree = "<group>"; };
		706D495C16DE4C8700546BF1 /* InfoPlist.strings */ = {isa = PBXFileReference; fileEncoding = 4; lastKnownFileType = text.plist.strings; path = InfoPlist.strings; sourceTree = "<group>"; };
		7078EE8316E5C3D500083811 /* FavoriteCell.h */ = {isa = PBXFileReference; fileEncoding = 4; lastKnownFileType = sourcecode.c.h; name = FavoriteCell.h; path = views/FavoriteCell.h; sourceTree = "<group>"; };
		7078EE8416E5C3D500083811 /* FavoriteCell.m */ = {isa = PBXFileReference; fileEncoding = 4; lastKnownFileType = sourcecode.c.objc; name = FavoriteCell.m; path = views/FavoriteCell.m; sourceTree = "<group>"; };
		7078EE8F16E5D8B700083811 /* FavoriteWebViewController.h */ = {isa = PBXFileReference; fileEncoding = 4; lastKnownFileType = sourcecode.c.h; name = FavoriteWebViewController.h; path = controllers/FavoriteWebViewController.h; sourceTree = "<group>"; };
		7078EE9016E5D8B700083811 /* FavoriteWebViewController.m */ = {isa = PBXFileReference; fileEncoding = 4; lastKnownFileType = sourcecode.c.objc; name = FavoriteWebViewController.m; path = controllers/FavoriteWebViewController.m; sourceTree = "<group>"; };
		7078EE9116E5D8B700083811 /* FavoriteWebViewController.xib */ = {isa = PBXFileReference; fileEncoding = 4; lastKnownFileType = file.xib; name = FavoriteWebViewController.xib; path = controllers/FavoriteWebViewController.xib; sourceTree = "<group>"; };
		7078EEC216E9B17E00083811 /* Storyboard_iPad.storyboard */ = {isa = PBXFileReference; fileEncoding = 4; lastKnownFileType = file.storyboard; path = Storyboard_iPad.storyboard; sourceTree = "<group>"; };
		7086AB7A16F18A600015BB40 /* MessageUI.framework */ = {isa = PBXFileReference; lastKnownFileType = wrapper.framework; name = MessageUI.framework; path = System/Library/Frameworks/MessageUI.framework; sourceTree = SDKROOT; };
		7089918C16CD3A06004899CF /* BlogViewer.app */ = {isa = PBXFileReference; explicitFileType = wrapper.application; includeInIndex = 0; path = BlogViewer.app; sourceTree = BUILT_PRODUCTS_DIR; };
		7089918F16CD3A06004899CF /* UIKit.framework */ = {isa = PBXFileReference; lastKnownFileType = wrapper.framework; name = UIKit.framework; path = System/Library/Frameworks/UIKit.framework; sourceTree = SDKROOT; };
		7089919116CD3A06004899CF /* Foundation.framework */ = {isa = PBXFileReference; lastKnownFileType = wrapper.framework; name = Foundation.framework; path = System/Library/Frameworks/Foundation.framework; sourceTree = SDKROOT; };
		7089919316CD3A06004899CF /* CoreGraphics.framework */ = {isa = PBXFileReference; lastKnownFileType = wrapper.framework; name = CoreGraphics.framework; path = System/Library/Frameworks/CoreGraphics.framework; sourceTree = SDKROOT; };
		7089919716CD3A06004899CF /* BlogViewer-Info.plist */ = {isa = PBXFileReference; lastKnownFileType = text.plist.xml; path = "BlogViewer-Info.plist"; sourceTree = "<group>"; };
		7089919B16CD3A06004899CF /* main.m */ = {isa = PBXFileReference; lastKnownFileType = sourcecode.c.objc; path = main.m; sourceTree = "<group>"; };
		7089919D16CD3A06004899CF /* BlogViewer-Prefix.pch */ = {isa = PBXFileReference; lastKnownFileType = sourcecode.c.h; path = "BlogViewer-Prefix.pch"; sourceTree = "<group>"; };
		7089919E16CD3A06004899CF /* AppDelegate.h */ = {isa = PBXFileReference; lastKnownFileType = sourcecode.c.h; path = AppDelegate.h; sourceTree = "<group>"; };
		7089919F16CD3A06004899CF /* AppDelegate.m */ = {isa = PBXFileReference; lastKnownFileType = sourcecode.c.objc; path = AppDelegate.m; sourceTree = "<group>"; };
		708991AC16CD3A18004899CF /* Storyboard.storyboard */ = {isa = PBXFileReference; fileEncoding = 4; lastKnownFileType = file.storyboard; path = Storyboard.storyboard; sourceTree = "<group>"; };
		709FB33916D205600010DCF5 /* BlogsViewController.h */ = {isa = PBXFileReference; fileEncoding = 4; lastKnownFileType = sourcecode.c.h; name = BlogsViewController.h; path = controllers/BlogsViewController.h; sourceTree = "<group>"; };
		709FB33A16D205610010DCF5 /* BlogsViewController.m */ = {isa = PBXFileReference; fileEncoding = 4; lastKnownFileType = sourcecode.c.objc; name = BlogsViewController.m; path = controllers/BlogsViewController.m; sourceTree = "<group>"; };
		709FB33B16D205610010DCF5 /* FavoriteViewController.h */ = {isa = PBXFileReference; fileEncoding = 4; lastKnownFileType = sourcecode.c.h; name = FavoriteViewController.h; path = controllers/FavoriteViewController.h; sourceTree = "<group>"; };
		709FB33C16D205610010DCF5 /* FavoriteViewController.m */ = {isa = PBXFileReference; fileEncoding = 4; lastKnownFileType = sourcecode.c.objc; name = FavoriteViewController.m; path = controllers/FavoriteViewController.m; sourceTree = "<group>"; };
		709FB33D16D205610010DCF5 /* ImagesViewController.h */ = {isa = PBXFileReference; fileEncoding = 4; lastKnownFileType = sourcecode.c.h; name = ImagesViewController.h; path = controllers/ImagesViewController.h; sourceTree = "<group>"; };
		709FB33E16D205610010DCF5 /* ImagesViewController.m */ = {isa = PBXFileReference; fileEncoding = 4; lastKnownFileType = sourcecode.c.objc; name = ImagesViewController.m; path = controllers/ImagesViewController.m; sourceTree = "<group>"; };
		709FB33F16D205610010DCF5 /* ItemsViewController.h */ = {isa = PBXFileReference; fileEncoding = 4; lastKnownFileType = sourcecode.c.h; name = ItemsViewController.h; path = controllers/ItemsViewController.h; sourceTree = "<group>"; };
		709FB34016D205610010DCF5 /* ItemsViewController.m */ = {isa = PBXFileReference; fileEncoding = 4; lastKnownFileType = sourcecode.c.objc; name = ItemsViewController.m; path = controllers/ItemsViewController.m; sourceTree = "<group>"; };
		709FB34116D205620010DCF5 /* OtherViewController.h */ = {isa = PBXFileReference; fileEncoding = 4; lastKnownFileType = sourcecode.c.h; name = OtherViewController.h; path = controllers/OtherViewController.h; sourceTree = "<group>"; };
		709FB34216D205620010DCF5 /* OtherViewController.m */ = {isa = PBXFileReference; fileEncoding = 4; lastKnownFileType = sourcecode.c.objc; name = OtherViewController.m; path = controllers/OtherViewController.m; sourceTree = "<group>"; };
		709FB34816D2058F0010DCF5 /* BlogCell.h */ = {isa = PBXFileReference; fileEncoding = 4; lastKnownFileType = sourcecode.c.h; name = BlogCell.h; path = views/BlogCell.h; sourceTree = "<group>"; };
		709FB34916D2058F0010DCF5 /* BlogCell.m */ = {isa = PBXFileReference; fileEncoding = 4; lastKnownFileType = sourcecode.c.objc; name = BlogCell.m; path = views/BlogCell.m; sourceTree = "<group>"; };
		709FB34A16D2058F0010DCF5 /* ItemCell.h */ = {isa = PBXFileReference; fileEncoding = 4; lastKnownFileType = sourcecode.c.h; name = ItemCell.h; path = views/ItemCell.h; sourceTree = "<group>"; };
		709FB34B16D2058F0010DCF5 /* ItemCell.m */ = {isa = PBXFileReference; fileEncoding = 4; lastKnownFileType = sourcecode.c.objc; name = ItemCell.m; path = views/ItemCell.m; sourceTree = "<group>"; };
		709FB34E16D205A20010DCF5 /* BlogInfo.h */ = {isa = PBXFileReference; fileEncoding = 4; lastKnownFileType = sourcecode.c.h; name = BlogInfo.h; path = models/BlogInfo.h; sourceTree = "<group>"; };
		709FB34F16D205A20010DCF5 /* BlogInfo.m */ = {isa = PBXFileReference; fileEncoding = 4; lastKnownFileType = sourcecode.c.objc; name = BlogInfo.m; path = models/BlogInfo.m; sourceTree = "<group>"; };
		709FB35116D207140010DCF5 /* QuartzCore.framework */ = {isa = PBXFileReference; lastKnownFileType = wrapper.framework; name = QuartzCore.framework; path = System/Library/Frameworks/QuartzCore.framework; sourceTree = SDKROOT; };
		709FB35516D20D6D0010DCF5 /* blog_list.png */ = {isa = PBXFileReference; lastKnownFileType = image.png; name = blog_list.png; path = images/blog_list.png; sourceTree = "<group>"; };
		709FB35616D20D6D0010DCF5 /* blog_list@2x.png */ = {isa = PBXFileReference; lastKnownFileType = image.png; name = "blog_list@2x.png"; path = "images/blog_list@2x.png"; sourceTree = "<group>"; };
		709FB35716D20D6D0010DCF5 /* home.png */ = {isa = PBXFileReference; lastKnownFileType = image.png; name = home.png; path = images/home.png; sourceTree = "<group>"; };
		709FB35816D20D6D0010DCF5 /* home@2x.png */ = {isa = PBXFileReference; lastKnownFileType = image.png; name = "home@2x.png"; path = "images/home@2x.png"; sourceTree = "<group>"; };
		709FB35D16D20D6D0010DCF5 /* setting.png */ = {isa = PBXFileReference; lastKnownFileType = image.png; name = setting.png; path = images/setting.png; sourceTree = "<group>"; };
		709FB35E16D20D6D0010DCF5 /* setting@2x.png */ = {isa = PBXFileReference; lastKnownFileType = image.png; name = "setting@2x.png"; path = "images/setting@2x.png"; sourceTree = "<group>"; };
		709FB38716D213080010DCF5 /* AFHTTPClient.h */ = {isa = PBXFileReference; fileEncoding = 4; lastKnownFileType = sourcecode.c.h; path = AFHTTPClient.h; sourceTree = "<group>"; };
		709FB38816D213080010DCF5 /* AFHTTPClient.m */ = {isa = PBXFileReference; fileEncoding = 4; lastKnownFileType = sourcecode.c.objc; path = AFHTTPClient.m; sourceTree = "<group>"; };
		709FB38916D213080010DCF5 /* AFHTTPRequestOperation.h */ = {isa = PBXFileReference; fileEncoding = 4; lastKnownFileType = sourcecode.c.h; path = AFHTTPRequestOperation.h; sourceTree = "<group>"; };
		709FB38A16D213080010DCF5 /* AFHTTPRequestOperation.m */ = {isa = PBXFileReference; fileEncoding = 4; lastKnownFileType = sourcecode.c.objc; path = AFHTTPRequestOperation.m; sourceTree = "<group>"; };
		709FB38B16D213080010DCF5 /* AFImageRequestOperation.h */ = {isa = PBXFileReference; fileEncoding = 4; lastKnownFileType = sourcecode.c.h; path = AFImageRequestOperation.h; sourceTree = "<group>"; };
		709FB38C16D213080010DCF5 /* AFImageRequestOperation.m */ = {isa = PBXFileReference; fileEncoding = 4; lastKnownFileType = sourcecode.c.objc; path = AFImageRequestOperation.m; sourceTree = "<group>"; };
		709FB38D16D213080010DCF5 /* AFJSONRequestOperation.h */ = {isa = PBXFileReference; fileEncoding = 4; lastKnownFileType = sourcecode.c.h; path = AFJSONRequestOperation.h; sourceTree = "<group>"; };
		709FB38E16D213080010DCF5 /* AFJSONRequestOperation.m */ = {isa = PBXFileReference; fileEncoding = 4; lastKnownFileType = sourcecode.c.objc; path = AFJSONRequestOperation.m; sourceTree = "<group>"; };
		709FB38F16D213080010DCF5 /* AFNetworkActivityIndicatorManager.h */ = {isa = PBXFileReference; fileEncoding = 4; lastKnownFileType = sourcecode.c.h; path = AFNetworkActivityIndicatorManager.h; sourceTree = "<group>"; };
		709FB39016D213080010DCF5 /* AFNetworkActivityIndicatorManager.m */ = {isa = PBXFileReference; fileEncoding = 4; lastKnownFileType = sourcecode.c.objc; path = AFNetworkActivityIndicatorManager.m; sourceTree = "<group>"; };
		709FB39116D213080010DCF5 /* AFNetworking.h */ = {isa = PBXFileReference; fileEncoding = 4; lastKnownFileType = sourcecode.c.h; path = AFNetworking.h; sourceTree = "<group>"; };
		709FB39216D213080010DCF5 /* AFPropertyListRequestOperation.h */ = {isa = PBXFileReference; fileEncoding = 4; lastKnownFileType = sourcecode.c.h; path = AFPropertyListRequestOperation.h; sourceTree = "<group>"; };
		709FB39316D213090010DCF5 /* AFPropertyListRequestOperation.m */ = {isa = PBXFileReference; fileEncoding = 4; lastKnownFileType = sourcecode.c.objc; path = AFPropertyListRequestOperation.m; sourceTree = "<group>"; };
		709FB39416D213090010DCF5 /* AFURLConnectionOperation.h */ = {isa = PBXFileReference; fileEncoding = 4; lastKnownFileType = sourcecode.c.h; path = AFURLConnectionOperation.h; sourceTree = "<group>"; };
		709FB39516D213090010DCF5 /* AFURLConnectionOperation.m */ = {isa = PBXFileReference; fileEncoding = 4; lastKnownFileType = sourcecode.c.objc; path = AFURLConnectionOperation.m; sourceTree = "<group>"; };
		709FB39616D213090010DCF5 /* AFXMLRequestOperation.h */ = {isa = PBXFileReference; fileEncoding = 4; lastKnownFileType = sourcecode.c.h; path = AFXMLRequestOperation.h; sourceTree = "<group>"; };
		709FB39716D213090010DCF5 /* AFXMLRequestOperation.m */ = {isa = PBXFileReference; fileEncoding = 4; lastKnownFileType = sourcecode.c.objc; path = AFXMLRequestOperation.m; sourceTree = "<group>"; };
		709FB39816D213090010DCF5 /* UIImageView+AFNetworking.h */ = {isa = PBXFileReference; fileEncoding = 4; lastKnownFileType = sourcecode.c.h; path = "UIImageView+AFNetworking.h"; sourceTree = "<group>"; };
		709FB39916D213090010DCF5 /* UIImageView+AFNetworking.m */ = {isa = PBXFileReference; fileEncoding = 4; lastKnownFileType = sourcecode.c.objc; path = "UIImageView+AFNetworking.m"; sourceTree = "<group>"; };
		70B16A3C16E38466000B4220 /* GAITracker.h */ = {isa = PBXFileReference; fileEncoding = 4; lastKnownFileType = sourcecode.c.h; path = GAITracker.h; sourceTree = "<group>"; };
		70B16A3D16E38466000B4220 /* libGoogleAnalytics.a */ = {isa = PBXFileReference; lastKnownFileType = archive.ar; path = libGoogleAnalytics.a; sourceTree = "<group>"; };
		70B16A3F16E38634000B4220 /* CFNetwork.framework */ = {isa = PBXFileReference; lastKnownFileType = wrapper.framework; name = CFNetwork.framework; path = System/Library/Frameworks/CFNetwork.framework; sourceTree = SDKROOT; };
		70B16A4116E38642000B4220 /* libsqlite3.0.dylib */ = {isa = PBXFileReference; lastKnownFileType = "compiled.mach-o.dylib"; name = libsqlite3.0.dylib; path = usr/lib/libsqlite3.0.dylib; sourceTree = SDKROOT; };
		70B16A4316E38916000B4220 /* GAI.h */ = {isa = PBXFileReference; fileEncoding = 4; lastKnownFileType = sourcecode.c.h; path = GAI.h; sourceTree = "<group>"; };
		70B16A4416E38916000B4220 /* GAITrackedViewController.h */ = {isa = PBXFileReference; fileEncoding = 4; lastKnownFileType = sourcecode.c.h; path = GAITrackedViewController.h; sourceTree = "<group>"; };
		70B16A4516E38916000B4220 /* GAITransaction.h */ = {isa = PBXFileReference; fileEncoding = 4; lastKnownFileType = sourcecode.c.h; path = GAITransaction.h; sourceTree = "<group>"; };
		70B16A4616E38916000B4220 /* GAITransactionItem.h */ = {isa = PBXFileReference; fileEncoding = 4; lastKnownFileType = sourcecode.c.h; path = GAITransactionItem.h; sourceTree = "<group>"; };
		70B16A4716E38916000B4220 /* libGoogleAnalytics_debug.a */ = {isa = PBXFileReference; lastKnownFileType = archive.ar; path = libGoogleAnalytics_debug.a; sourceTree = "<group>"; };
		70B16A4916E38958000B4220 /* CoreData.framework */ = {isa = PBXFileReference; lastKnownFileType = wrapper.framework; name = CoreData.framework; path = System/Library/Frameworks/CoreData.framework; sourceTree = SDKROOT; };
		70E1265F16D5C17100057022 /* Social.framework */ = {isa = PBXFileReference; lastKnownFileType = wrapper.framework; name = Social.framework; path = System/Library/Frameworks/Social.framework; sourceTree = SDKROOT; };
		70EC285916DE56AE00CAEA8F /* images@2x.png */ = {isa = PBXFileReference; lastKnownFileType = image.png; name = "images@2x.png"; path = "images/images@2x.png"; sourceTree = "<group>"; };
		70EC285B16DE624E00CAEA8F /* star.png */ = {isa = PBXFileReference; lastKnownFileType = image.png; name = star.png; path = images/star.png; sourceTree = "<group>"; };
		70EC285C16DE624E00CAEA8F /* star@2x.png */ = {isa = PBXFileReference; lastKnownFileType = image.png; name = "star@2x.png"; path = "images/star@2x.png"; sourceTree = "<group>"; };
/* End PBXFileReference section */

/* Begin PBXFrameworksBuildPhase section */
		7089918916CD3A06004899CF /* Frameworks */ = {
			isa = PBXFrameworksBuildPhase;
			buildActionMask = 2147483647;
			files = (
				7086AB7B16F18A600015BB40 /* MessageUI.framework in Frameworks */,
				70B16A4A16E38958000B4220 /* CoreData.framework in Frameworks */,
				70B16A4216E38642000B4220 /* libsqlite3.0.dylib in Frameworks */,
				70B16A4016E38634000B4220 /* CFNetwork.framework in Frameworks */,
				7065635A16E040940086FB4D /* SystemConfiguration.framework in Frameworks */,
				70E1266016D5C17200057022 /* Social.framework in Frameworks */,
				709FB35216D207140010DCF5 /* QuartzCore.framework in Frameworks */,
				7089919016CD3A06004899CF /* UIKit.framework in Frameworks */,
				7089919216CD3A06004899CF /* Foundation.framework in Frameworks */,
				7089919416CD3A06004899CF /* CoreGraphics.framework in Frameworks */,
				70B16A3E16E38466000B4220 /* libGoogleAnalytics.a in Frameworks */,
				70B16A4816E38916000B4220 /* libGoogleAnalytics_debug.a in Frameworks */,
			);
			runOnlyForDeploymentPostprocessing = 0;
		};
/* End PBXFrameworksBuildPhase section */

/* Begin PBXGroup section */
		7065635B16E041C50086FB4D /* Reachability */ = {
			isa = PBXGroup;
			children = (
				7065635C16E041C50086FB4D /* Reachability.h */,
				7065635D16E041C50086FB4D /* Reachability.m */,
			);
			path = Reachability;
			sourceTree = "<group>";
		};
		7089918316CD3A06004899CF = {
			isa = PBXGroup;
			children = (
				7086AB7A16F18A600015BB40 /* MessageUI.framework */,
				70B16A4916E38958000B4220 /* CoreData.framework */,
				70B16A4116E38642000B4220 /* libsqlite3.0.dylib */,
				70B16A3F16E38634000B4220 /* CFNetwork.framework */,
				7065638116E0AFB80086FB4D /* Default-568h@2x.png */,
				7065638216E0AFB90086FB4D /* Default@2x.png */,
				7065637816E0AC490086FB4D /* Default.png */,
				7065637616E0AC300086FB4D /* icon.png */,
				7009518416DDB383007359C6 /* icon@2x.png */,
				7089919516CD3A06004899CF /* BlogViewer */,
				7089918E16CD3A06004899CF /* Frameworks */,
				7089918D16CD3A06004899CF /* Products */,
			);
			sourceTree = "<group>";
		};
		7089918D16CD3A06004899CF /* Products */ = {
			isa = PBXGroup;
			children = (
				7089918C16CD3A06004899CF /* BlogViewer.app */,
			);
			name = Products;
			sourceTree = "<group>";
		};
		7089918E16CD3A06004899CF /* Frameworks */ = {
			isa = PBXGroup;
			children = (
				70E1265F16D5C17100057022 /* Social.framework */,
				7065635916E040940086FB4D /* SystemConfiguration.framework */,
				709FB35116D207140010DCF5 /* QuartzCore.framework */,
				7089918F16CD3A06004899CF /* UIKit.framework */,
				7089919116CD3A06004899CF /* Foundation.framework */,
				7089919316CD3A06004899CF /* CoreGraphics.framework */,
			);
			name = Frameworks;
			sourceTree = "<group>";
		};
		7089919516CD3A06004899CF /* BlogViewer */ = {
			isa = PBXGroup;
			children = (
				7089919E16CD3A06004899CF /* AppDelegate.h */,
				7089919F16CD3A06004899CF /* AppDelegate.m */,
				708991AC16CD3A18004899CF /* Storyboard.storyboard */,
				7078EEC216E9B17E00083811 /* Storyboard_iPad.storyboard */,
				709FB32D16D1FAA50010DCF5 /* models */,
				708991B416CDB6E9004899CF /* views */,
				708991B516CDB707004899CF /* controllers */,
				708991B616CDB71E004899CF /* images */,
				7089919616CD3A06004899CF /* Supporting Files */,
			);
			path = BlogViewer;
			sourceTree = "<group>";
		};
		7089919616CD3A06004899CF /* Supporting Files */ = {
			isa = PBXGroup;
			children = (
				70B16A3B16E38466000B4220 /* GAI */,
				7065635B16E041C50086FB4D /* Reachability */,
				706D495C16DE4C8700546BF1 /* InfoPlist.strings */,
				709FB35716D20D6D0010DCF5 /* home.png */,
				709FB38616D212450010DCF5 /* AFNetworking */,
				7089919716CD3A06004899CF /* BlogViewer-Info.plist */,
				7089919B16CD3A06004899CF /* main.m */,
				7089919D16CD3A06004899CF /* BlogViewer-Prefix.pch */,
				706D495716DE4C3600546BF1 /* Default.png */,
				706D495816DE4C3600546BF1 /* Default@2x.png */,
				706D495616DE4C3600546BF1 /* Default-568h@2x.png */,
			);
			name = "Supporting Files";
			sourceTree = "<group>";
		};
		708991B416CDB6E9004899CF /* views */ = {
			isa = PBXGroup;
			children = (
				706D493716DE4B5D00546BF1 /* ScrollCell.h */,
				706D493816DE4B5D00546BF1 /* ScrollCell.m */,
				706D493916DE4B5D00546BF1 /* ImageCell.h */,
				706D493A16DE4B5D00546BF1 /* ImageCell.m */,
				709FB34816D2058F0010DCF5 /* BlogCell.h */,
				709FB34916D2058F0010DCF5 /* BlogCell.m */,
				709FB34A16D2058F0010DCF5 /* ItemCell.h */,
				709FB34B16D2058F0010DCF5 /* ItemCell.m */,
				7078EE8316E5C3D500083811 /* FavoriteCell.h */,
				7078EE8416E5C3D500083811 /* FavoriteCell.m */,
				7065636716E082710086FB4D /* ApptitleCell.h */,
				7065636816E082710086FB4D /* ApptitleCell.m */,
				7065636A16E082830086FB4D /* AppinfoCell.h */,
				7065636B16E082830086FB4D /* AppinfoCell.m */,
				7065636D16E08DB70086FB4D /* TextCell.h */,
				7065636E16E08DB70086FB4D /* TextCell.m */,
			);
			name = views;
			sourceTree = "<group>";
		};
		708991B516CDB707004899CF /* controllers */ = {
			isa = PBXGroup;
			children = (
				709FB33F16D205610010DCF5 /* ItemsViewController.h */,
				709FB34016D205610010DCF5 /* ItemsViewController.m */,
				709FB33916D205600010DCF5 /* BlogsViewController.h */,
				709FB33A16D205610010DCF5 /* BlogsViewController.m */,
				706D493F16DE4B9100546BF1 /* BlogItemsViewController.h */,
				706D493E16DE4B9100546BF1 /* BlogItemsViewController.m */,
				709FB33B16D205610010DCF5 /* FavoriteViewController.h */,
				709FB33C16D205610010DCF5 /* FavoriteViewController.m */,
				709FB33D16D205610010DCF5 /* ImagesViewController.h */,
				709FB33E16D205610010DCF5 /* ImagesViewController.m */,
				706D494016DE4B9100546BF1 /* ScrollViewController.h */,
				706D493D16DE4B9100546BF1 /* ScrollViewController.m */,
				709FB34116D205620010DCF5 /* OtherViewController.h */,
				709FB34216D205620010DCF5 /* OtherViewController.m */,
				706D494216DE4B9100546BF1 /* WebViewController.h */,
				706D494116DE4B9100546BF1 /* WebViewController.m */,
				7078EE8F16E5D8B700083811 /* FavoriteWebViewController.h */,
				7078EE9016E5D8B700083811 /* FavoriteWebViewController.m */,
				7078EE9116E5D8B700083811 /* FavoriteWebViewController.xib */,
			);
			name = controllers;
			sourceTree = "<group>";
		};
		708991B616CDB71E004899CF /* images */ = {
			isa = PBXGroup;
			children = (
				7065635F16E058170086FB4D /* to_right.png */,
				7065636016E058170086FB4D /* to_right@2x.png */,
				7065636116E058170086FB4D /* to_left.png */,
				7065636216E058170086FB4D /* to_left@2x.png */,
				70EC285B16DE624E00CAEA8F /* star.png */,
				70EC285C16DE624E00CAEA8F /* star@2x.png */,
				70EC285916DE56AE00CAEA8F /* images@2x.png */,
				706D495216DE4BE900546BF1 /* favorite@2x.png */,
				706D495316DE4BE900546BF1 /* favorite.png */,
				706D494616DE4BC400546BF1 /* images.png */,
				706D494716DE4BC400546BF1 /* noimage.gif */,
				706D494816DE4BC400546BF1 /* icon_go_back.png */,
				706D494916DE4BC400546BF1 /* icon_go_back@2x.png */,
				706D494A16DE4BC400546BF1 /* icon_go_foward.png */,
				706D494B16DE4BC400546BF1 /* icon_go_foward@2x.png */,
				709FB35516D20D6D0010DCF5 /* blog_list.png */,
				709FB35616D20D6D0010DCF5 /* blog_list@2x.png */,
				709FB35816D20D6D0010DCF5 /* home@2x.png */,
				709FB35D16D20D6D0010DCF5 /* setting.png */,
				709FB35E16D20D6D0010DCF5 /* setting@2x.png */,
			);
			name = images;
			sourceTree = "<group>";
		};
		709FB32D16D1FAA50010DCF5 /* models */ = {
			isa = PBXGroup;
			children = (
				709FB34E16D205A20010DCF5 /* BlogInfo.h */,
				709FB34F16D205A20010DCF5 /* BlogInfo.m */,
			);
			name = models;
			sourceTree = "<group>";
		};
		709FB38616D212450010DCF5 /* AFNetworking */ = {
			isa = PBXGroup;
			children = (
				709FB38716D213080010DCF5 /* AFHTTPClient.h */,
				709FB38816D213080010DCF5 /* AFHTTPClient.m */,
				709FB38916D213080010DCF5 /* AFHTTPRequestOperation.h */,
				709FB38A16D213080010DCF5 /* AFHTTPRequestOperation.m */,
				709FB38B16D213080010DCF5 /* AFImageRequestOperation.h */,
				709FB38C16D213080010DCF5 /* AFImageRequestOperation.m */,
				709FB38D16D213080010DCF5 /* AFJSONRequestOperation.h */,
				709FB38E16D213080010DCF5 /* AFJSONRequestOperation.m */,
				709FB38F16D213080010DCF5 /* AFNetworkActivityIndicatorManager.h */,
				709FB39016D213080010DCF5 /* AFNetworkActivityIndicatorManager.m */,
				709FB39116D213080010DCF5 /* AFNetworking.h */,
				709FB39216D213080010DCF5 /* AFPropertyListRequestOperation.h */,
				709FB39316D213090010DCF5 /* AFPropertyListRequestOperation.m */,
				709FB39416D213090010DCF5 /* AFURLConnectionOperation.h */,
				709FB39516D213090010DCF5 /* AFURLConnectionOperation.m */,
				709FB39616D213090010DCF5 /* AFXMLRequestOperation.h */,
				709FB39716D213090010DCF5 /* AFXMLRequestOperation.m */,
				709FB39816D213090010DCF5 /* UIImageView+AFNetworking.h */,
				709FB39916D213090010DCF5 /* UIImageView+AFNetworking.m */,
			);
			path = AFNetworking;
			sourceTree = "<group>";
		};
		70B16A3B16E38466000B4220 /* GAI */ = {
			isa = PBXGroup;
			children = (
				70B16A4316E38916000B4220 /* GAI.h */,
				70B16A4416E38916000B4220 /* GAITrackedViewController.h */,
				70B16A4516E38916000B4220 /* GAITransaction.h */,
				70B16A4616E38916000B4220 /* GAITransactionItem.h */,
				70B16A4716E38916000B4220 /* libGoogleAnalytics_debug.a */,
				70B16A3C16E38466000B4220 /* GAITracker.h */,
				70B16A3D16E38466000B4220 /* libGoogleAnalytics.a */,
			);
			path = GAI;
			sourceTree = "<group>";
		};
/* End PBXGroup section */

/* Begin PBXNativeTarget section */
		7089918B16CD3A06004899CF /* BlogViewer */ = {
			isa = PBXNativeTarget;
			buildConfigurationList = 708991A916CD3A06004899CF /* Build configuration list for PBXNativeTarget "BlogViewer" */;
			buildPhases = (
				7089918816CD3A06004899CF /* Sources */,
				7089918916CD3A06004899CF /* Frameworks */,
				7089918A16CD3A06004899CF /* Resources */,
			);
			buildRules = (
			);
			dependencies = (
			);
			name = BlogViewer;
			productName = BlogViewer;
			productReference = 7089918C16CD3A06004899CF /* BlogViewer.app */;
			productType = "com.apple.product-type.application";
		};
/* End PBXNativeTarget section */

/* Begin PBXProject section */
		7089918416CD3A06004899CF /* Project object */ = {
			isa = PBXProject;
			attributes = {
				LastUpgradeCheck = 0460;
				ORGANIZATIONNAME = yusuke_yasuo;
			};
			buildConfigurationList = 7089918716CD3A06004899CF /* Build configuration list for PBXProject "BlogViewer" */;
			compatibilityVersion = "Xcode 3.2";
			developmentRegion = English;
			hasScannedForEncodings = 0;
			knownRegions = (
				en,
			);
			mainGroup = 7089918316CD3A06004899CF;
			productRefGroup = 7089918D16CD3A06004899CF /* Products */;
			projectDirPath = "";
			projectRoot = "";
			targets = (
				7089918B16CD3A06004899CF /* BlogViewer */,
			);
		};
/* End PBXProject section */

/* Begin PBXResourcesBuildPhase section */
		7089918A16CD3A06004899CF /* Resources */ = {
			isa = PBXResourcesBuildPhase;
			buildActionMask = 2147483647;
			files = (
				708991AD16CD3A18004899CF /* Storyboard.storyboard in Resources */,
				709FB35F16D20D6D0010DCF5 /* blog_list.png in Resources */,
				709FB36016D20D6D0010DCF5 /* blog_list@2x.png in Resources */,
				709FB36116D20D6D0010DCF5 /* home.png in Resources */,
				709FB36216D20D6D0010DCF5 /* home@2x.png in Resources */,
				709FB36716D20D6D0010DCF5 /* setting.png in Resources */,
				709FB36816D20D6D0010DCF5 /* setting@2x.png in Resources */,
				706D494C16DE4BC400546BF1 /* images.png in Resources */,
				706D494D16DE4BC400546BF1 /* noimage.gif in Resources */,
				706D494E16DE4BC400546BF1 /* icon_go_back.png in Resources */,
				706D494F16DE4BC400546BF1 /* icon_go_back@2x.png in Resources */,
				706D495016DE4BC400546BF1 /* icon_go_foward.png in Resources */,
				706D495116DE4BC400546BF1 /* icon_go_foward@2x.png in Resources */,
				706D495416DE4BE900546BF1 /* favorite@2x.png in Resources */,
				706D495516DE4BE900546BF1 /* favorite.png in Resources */,
				706D495D16DE4C8700546BF1 /* InfoPlist.strings in Resources */,
				70EC285A16DE56AE00CAEA8F /* images@2x.png in Resources */,
				70EC285D16DE624E00CAEA8F /* star.png in Resources */,
				70EC285E16DE624E00CAEA8F /* star@2x.png in Resources */,
				7065636316E058170086FB4D /* to_right.png in Resources */,
				7065636416E058170086FB4D /* to_right@2x.png in Resources */,
				7065636516E058170086FB4D /* to_left.png in Resources */,
				7065636616E058170086FB4D /* to_left@2x.png in Resources */,
				7065637C16E0AECC0086FB4D /* icon.png in Resources */,
				7065637D16E0AED10086FB4D /* icon@2x.png in Resources */,
				7065637E16E0AED80086FB4D /* Default.png in Resources */,
				7065638316E0AFBA0086FB4D /* Default-568h@2x.png in Resources */,
				7065638416E0AFBA0086FB4D /* Default@2x.png in Resources */,
				7078EE9316E5D8B800083811 /* FavoriteWebViewController.xib in Resources */,
				7078EEC316E9B17E00083811 /* Storyboard_iPad.storyboard in Resources */,
			);
			runOnlyForDeploymentPostprocessing = 0;
		};
/* End PBXResourcesBuildPhase section */

/* Begin PBXSourcesBuildPhase section */
		7089918816CD3A06004899CF /* Sources */ = {
			isa = PBXSourcesBuildPhase;
			buildActionMask = 2147483647;
			files = (
				7089919C16CD3A06004899CF /* main.m in Sources */,
				708991A016CD3A06004899CF /* AppDelegate.m in Sources */,
				709FB34316D205620010DCF5 /* BlogsViewController.m in Sources */,
				709FB34416D205620010DCF5 /* FavoriteViewController.m in Sources */,
				709FB34516D205620010DCF5 /* ImagesViewController.m in Sources */,
				709FB34616D205620010DCF5 /* ItemsViewController.m in Sources */,
				709FB34716D205620010DCF5 /* OtherViewController.m in Sources */,
				709FB34C16D2058F0010DCF5 /* BlogCell.m in Sources */,
				709FB34D16D2058F0010DCF5 /* ItemCell.m in Sources */,
				709FB35016D205A20010DCF5 /* BlogInfo.m in Sources */,
				709FB39A16D213090010DCF5 /* AFHTTPClient.m in Sources */,
				709FB39B16D213090010DCF5 /* AFHTTPRequestOperation.m in Sources */,
				709FB39C16D213090010DCF5 /* AFImageRequestOperation.m in Sources */,
				709FB39D16D213090010DCF5 /* AFJSONRequestOperation.m in Sources */,
				709FB39E16D213090010DCF5 /* AFNetworkActivityIndicatorManager.m in Sources */,
				709FB39F16D213090010DCF5 /* AFPropertyListRequestOperation.m in Sources */,
				709FB3A016D213090010DCF5 /* AFURLConnectionOperation.m in Sources */,
				709FB3A116D213090010DCF5 /* AFXMLRequestOperation.m in Sources */,
				709FB3A216D213090010DCF5 /* UIImageView+AFNetworking.m in Sources */,
				706D493B16DE4B5D00546BF1 /* ScrollCell.m in Sources */,
				706D493C16DE4B5D00546BF1 /* ImageCell.m in Sources */,
				706D494316DE4B9100546BF1 /* ScrollViewController.m in Sources */,
				706D494416DE4B9100546BF1 /* BlogItemsViewController.m in Sources */,
				706D494516DE4B9100546BF1 /* WebViewController.m in Sources */,
				7065635E16E041C50086FB4D /* Reachability.m in Sources */,
				7065636916E082720086FB4D /* ApptitleCell.m in Sources */,
				7065636C16E082830086FB4D /* AppinfoCell.m in Sources */,
				7065636F16E08DB80086FB4D /* TextCell.m in Sources */,
				7078EE8516E5C3D500083811 /* FavoriteCell.m in Sources */,
				7078EE9216E5D8B800083811 /* FavoriteWebViewController.m in Sources */,
			);
			runOnlyForDeploymentPostprocessing = 0;
		};
/* End PBXSourcesBuildPhase section */

/* Begin XCBuildConfiguration section */
		708991A716CD3A06004899CF /* Debug */ = {
			isa = XCBuildConfiguration;
			buildSettings = {
				ALWAYS_SEARCH_USER_PATHS = NO;
				CLANG_CXX_LANGUAGE_STANDARD = "gnu++0x";
				CLANG_CXX_LIBRARY = "libc++";
				CLANG_ENABLE_OBJC_ARC = YES;
				CLANG_WARN_CONSTANT_CONVERSION = YES;
				CLANG_WARN_EMPTY_BODY = YES;
				CLANG_WARN_ENUM_CONVERSION = YES;
				CLANG_WARN_INT_CONVERSION = YES;
				CLANG_WARN__DUPLICATE_METHOD_MATCH = YES;
				"CODE_SIGN_IDENTITY[sdk=iphoneos*]" = "iPhone Developer";
				COPY_PHASE_STRIP = NO;
				GCC_C_LANGUAGE_STANDARD = gnu99;
				GCC_DYNAMIC_NO_PIC = NO;
				GCC_OPTIMIZATION_LEVEL = 0;
				GCC_PREPROCESSOR_DEFINITIONS = (
					"DEBUG=1",
					"$(inherited)",
				);
				GCC_SYMBOLS_PRIVATE_EXTERN = NO;
				GCC_WARN_ABOUT_RETURN_TYPE = YES;
				GCC_WARN_UNINITIALIZED_AUTOS = YES;
				GCC_WARN_UNUSED_VARIABLE = YES;
				IPHONEOS_DEPLOYMENT_TARGET = 6.1;
				ONLY_ACTIVE_ARCH = YES;
				SDKROOT = iphoneos;
			};
			name = Debug;
		};
		708991A816CD3A06004899CF /* Release */ = {
			isa = XCBuildConfiguration;
			buildSettings = {
				ALWAYS_SEARCH_USER_PATHS = NO;
				CLANG_CXX_LANGUAGE_STANDARD = "gnu++0x";
				CLANG_CXX_LIBRARY = "libc++";
				CLANG_ENABLE_OBJC_ARC = YES;
				CLANG_WARN_CONSTANT_CONVERSION = YES;
				CLANG_WARN_EMPTY_BODY = YES;
				CLANG_WARN_ENUM_CONVERSION = YES;
				CLANG_WARN_INT_CONVERSION = YES;
				CLANG_WARN__DUPLICATE_METHOD_MATCH = YES;
				"CODE_SIGN_IDENTITY[sdk=iphoneos*]" = "iPhone Developer";
				COPY_PHASE_STRIP = YES;
				GCC_C_LANGUAGE_STANDARD = gnu99;
				GCC_WARN_ABOUT_RETURN_TYPE = YES;
				GCC_WARN_UNINITIALIZED_AUTOS = YES;
				GCC_WARN_UNUSED_VARIABLE = YES;
				IPHONEOS_DEPLOYMENT_TARGET = 6.1;
				OTHER_CFLAGS = "-DNS_BLOCK_ASSERTIONS=1";
				SDKROOT = iphoneos;
				VALIDATE_PRODUCT = YES;
			};
			name = Release;
		};
		708991AA16CD3A06004899CF /* Debug */ = {
			isa = XCBuildConfiguration;
			buildSettings = {
				GCC_PRECOMPILE_PREFIX_HEADER = YES;
				GCC_PREFIX_HEADER = "BlogViewer/BlogViewer-Prefix.pch";
				INFOPLIST_FILE = "BlogViewer/BlogViewer-Info.plist";
				IPHONEOS_DEPLOYMENT_TARGET = 6.0;
				LIBRARY_SEARCH_PATHS = (
					"$(inherited)",
					"\"$(SRCROOT)/BlogViewer/GAI\"",
				);
				PRODUCT_NAME = "$(TARGET_NAME)";
				TARGETED_DEVICE_FAMILY = "1,2";
				WRAPPER_EXTENSION = app;
			};
			name = Debug;
		};
		708991AB16CD3A06004899CF /* Release */ = {
			isa = XCBuildConfiguration;
			buildSettings = {
				GCC_PRECOMPILE_PREFIX_HEADER = YES;
				GCC_PREFIX_HEADER = "BlogViewer/BlogViewer-Prefix.pch";
				INFOPLIST_FILE = "BlogViewer/BlogViewer-Info.plist";
				IPHONEOS_DEPLOYMENT_TARGET = 6.0;
				LIBRARY_SEARCH_PATHS = (
					"$(inherited)",
					"\"$(SRCROOT)/BlogViewer/GAI\"",
				);
				PRODUCT_NAME = "$(TARGET_NAME)";
				TARGETED_DEVICE_FAMILY = "1,2";
				WRAPPER_EXTENSION = app;
			};
			name = Release;
		};
/* End XCBuildConfiguration section */

/* Begin XCConfigurationList section */
		7089918716CD3A06004899CF /* Build configuration list for PBXProject "BlogViewer" */ = {
			isa = XCConfigurationList;
			buildConfigurations = (
				708991A716CD3A06004899CF /* Debug */,
				708991A816CD3A06004899CF /* Release */,
			);
			defaultConfigurationIsVisible = 0;
			defaultConfigurationName = Release;
		};
		708991A916CD3A06004899CF /* Build configuration list for PBXNativeTarget "BlogViewer" */ = {
			isa = XCConfigurationList;
			buildConfigurations = (
				708991AA16CD3A06004899CF /* Debug */,
				708991AB16CD3A06004899CF /* Release */,
			);
			defaultConfigurationIsVisible = 0;
			defaultConfigurationName = Release;
		};
/* End XCConfigurationList section */
	};
	rootObject = 7089918416CD3A06004899CF /* Project object */;
}
